
Microsoft Visual Studio Solution File, Format Version 12.00
# Visual Studio Version 17
VisualStudioVersion = 17.6.33815.320
MinimumVisualStudioVersion = 10.0.40219.1
Project("{FAE04EC0-301F-11D3-BF4B-00C04F79EFBC}") = "wpf-app-controls", "wpf-app-controls.csproj", "{EE5E2A3B-584E-4919-8ACB-074D3539E3CC}"
EndProject
Global
	GlobalSection(SolutionConfigurationPlatforms) = preSolution
		Debug|Any CPU = Debug|Any CPU
		Release|Any CPU = Release|Any CPU
	EndGlobalSection
	GlobalSection(ProjectConfigurationPlatforms) = postSolution
		{EE5E2A3B-584E-4919-8ACB-074D3539E3CC}.Debug|Any CPU.ActiveCfg = Debug|Any CPU
		{EE5E2A3B-584E-4919-8ACB-074D3539E3CC}.Debug|Any CPU.Build.0 = Debug|Any CPU
		{EE5E2A3B-584E-4919-8ACB-074D3539E3CC}.Release|Any CPU.ActiveCfg = Release|Any CPU
		{EE5E2A3B-584E-4919-8ACB-074D3539E3CC}.Release|Any CPU.Build.0 = Release|Any CPU
	EndGlobalSection
	GlobalSection(SolutionProperties) = preSolution
		HideSolutionNode = FALSE
	EndGlobalSection
	GlobalSection(ExtensibilityGlobals) = postSolution
		SolutionGuid = {A7EC8981-9014-4C00-8A12-9632D09E909A}
	EndGlobalSection
EndGlobal
